// !$*UTF8*$!
{
	archiveVersion = 1;
	classes = {
	};
	objectVersion = 50;
	objects = {

/* Begin PBXBuildFile section */
		080E235D22B27AB300F5FE5F /* CircleImage.swift in Sources */ = {isa = PBXBuildFile; fileRef = 080E235C22B27AB300F5FE5F /* CircleImage.swift */; };
		080E235F22B284F200F5FE5F /* MapView.swift in Sources */ = {isa = PBXBuildFile; fileRef = 080E235E22B284F200F5FE5F /* MapView.swift */; };
		0852257722B3697800DB86B7 /* Landmark.swift in Sources */ = {isa = PBXBuildFile; fileRef = 0852257622B3697800DB86B7 /* Landmark.swift */; };
		0852259622B36A9A00DB86B7 /* Data.swift in Sources */ = {isa = PBXBuildFile; fileRef = 0852259522B36A9A00DB86B7 /* Data.swift */; };
		0852259822B3701B00DB86B7 /* LandmarkRow.swift in Sources */ = {isa = PBXBuildFile; fileRef = 0852259722B3701B00DB86B7 /* LandmarkRow.swift */; };
		0852259A22B3756100DB86B7 /* LandmarkList.swift in Sources */ = {isa = PBXBuildFile; fileRef = 0852259922B3756100DB86B7 /* LandmarkList.swift */; };
		086CBEB522B3D59300395188 /* twinlake.jpg in Resources */ = {isa = PBXBuildFile; fileRef = 086CBEA822B3D59200395188 /* twinlake.jpg */; };
		086CBEB622B3D59300395188 /* turtlerock.jpg in Resources */ = {isa = PBXBuildFile; fileRef = 086CBEA922B3D59200395188 /* turtlerock.jpg */; };
		086CBEB722B3D59300395188 /* rainbowlake.jpg in Resources */ = {isa = PBXBuildFile; fileRef = 086CBEAA22B3D59200395188 /* rainbowlake.jpg */; };
		086CBEB822B3D59300395188 /* lakemcdonald.jpg in Resources */ = {isa = PBXBuildFile; fileRef = 086CBEAB22B3D59200395188 /* lakemcdonald.jpg */; };
		086CBEB922B3D59300395188 /* chincoteague.jpg in Resources */ = {isa = PBXBuildFile; fileRef = 086CBEAC22B3D59200395188 /* chincoteague.jpg */; };
		086CBEBA22B3D59300395188 /* charleyrivers.jpg in Resources */ = {isa = PBXBuildFile; fileRef = 086CBEAD22B3D59300395188 /* charleyrivers.jpg */; };
		086CBEBB22B3D59300395188 /* chilkoottrail.jpg in Resources */ = {isa = PBXBuildFile; fileRef = 086CBEAE22B3D59300395188 /* chilkoottrail.jpg */; };
		086CBEBC22B3D59300395188 /* umbagog.jpg in Resources */ = {isa = PBXBuildFile; fileRef = 086CBEAF22B3D59300395188 /* umbagog.jpg */; };
		086CBEBD22B3D59300395188 /* silversalmoncreek.jpg in Resources */ = {isa = PBXBuildFile; fileRef = 086CBEB022B3D59300395188 /* silversalmoncreek.jpg */; };
		086CBEBE22B3D59300395188 /* icybay.jpg in Resources */ = {isa = PBXBuildFile; fileRef = 086CBEB122B3D59300395188 /* icybay.jpg */; };
		086CBEBF22B3D59300395188 /* hiddenlake.jpg in Resources */ = {isa = PBXBuildFile; fileRef = 086CBEB222B3D59300395188 /* hiddenlake.jpg */; };
		086CBEC022B3D59300395188 /* landmarkData.json in Resources */ = {isa = PBXBuildFile; fileRef = 086CBEB322B3D59300395188 /* landmarkData.json */; };
		086CBEC122B3D59300395188 /* stmarylake.jpg in Resources */ = {isa = PBXBuildFile; fileRef = 086CBEB422B3D59300395188 /* stmarylake.jpg */; };
		086CBEC322B3F1DF00395188 /* Badge.swift in Sources */ = {isa = PBXBuildFile; fileRef = 086CBEC222B3F1DF00395188 /* Badge.swift */; };
		086CBEC522B3F30E00395188 /* HexagonParameters.swift in Sources */ = {isa = PBXBuildFile; fileRef = 086CBEC422B3F30E00395188 /* HexagonParameters.swift */; };
		086CBEC722B4029A00395188 /* BadgeBackground.swift in Sources */ = {isa = PBXBuildFile; fileRef = 086CBEC622B4029A00395188 /* BadgeBackground.swift */; };
		086CBEC922B4088800395188 /* BadgeSymbol.swift in Sources */ = {isa = PBXBuildFile; fileRef = 086CBEC822B4088800395188 /* BadgeSymbol.swift */; };
		086CBECB22B40D0D00395188 /* RotatedBadgeSymbol.swift in Sources */ = {isa = PBXBuildFile; fileRef = 086CBECA22B40D0D00395188 /* RotatedBadgeSymbol.swift */; };
		08C1CB7522B0E2B5001B91DB /* AppDelegate.swift in Sources */ = {isa = PBXBuildFile; fileRef = 08C1CB7422B0E2B5001B91DB /* AppDelegate.swift */; };
		08C1CB7722B0E2B5001B91DB /* SceneDelegate.swift in Sources */ = {isa = PBXBuildFile; fileRef = 08C1CB7622B0E2B5001B91DB /* SceneDelegate.swift */; };
		08C1CB7922B0E2B5001B91DB /* LandmarkDetail.swift in Sources */ = {isa = PBXBuildFile; fileRef = 08C1CB7822B0E2B5001B91DB /* LandmarkDetail.swift */; };
		08C1CB7B22B0E2B7001B91DB /* Assets.xcassets in Resources */ = {isa = PBXBuildFile; fileRef = 08C1CB7A22B0E2B7001B91DB /* Assets.xcassets */; };
		08C1CB7E22B0E2B7001B91DB /* Preview Assets.xcassets in Resources */ = {isa = PBXBuildFile; fileRef = 08C1CB7D22B0E2B7001B91DB /* Preview Assets.xcassets */; };
		08C1CB8122B0E2B7001B91DB /* LaunchScreen.storyboard in Resources */ = {isa = PBXBuildFile; fileRef = 08C1CB7F22B0E2B7001B91DB /* LaunchScreen.storyboard */; };
		08E1887222B3A59C0093926A /* UserData.swift in Sources */ = {isa = PBXBuildFile; fileRef = 08E1887122B3A59C0093926A /* UserData.swift */; };
/* End PBXBuildFile section */

/* Begin PBXFileReference section */
		080E235C22B27AB300F5FE5F /* CircleImage.swift */ = {isa = PBXFileReference; lastKnownFileType = sourcecode.swift; path = CircleImage.swift; sourceTree = "<group>"; };
		080E235E22B284F200F5FE5F /* MapView.swift */ = {isa = PBXFileReference; lastKnownFileType = sourcecode.swift; path = MapView.swift; sourceTree = "<group>"; };
		0852257622B3697800DB86B7 /* Landmark.swift */ = {isa = PBXFileReference; lastKnownFileType = sourcecode.swift; path = Landmark.swift; sourceTree = "<group>"; };
		0852259522B36A9A00DB86B7 /* Data.swift */ = {isa = PBXFileReference; fileEncoding = 4; lastKnownFileType = sourcecode.swift; path = Data.swift; sourceTree = "<group>"; };
		0852259722B3701B00DB86B7 /* LandmarkRow.swift */ = {isa = PBXFileReference; lastKnownFileType = sourcecode.swift; path = LandmarkRow.swift; sourceTree = "<group>"; };
		0852259922B3756100DB86B7 /* LandmarkList.swift */ = {isa = PBXFileReference; lastKnownFileType = sourcecode.swift; path = LandmarkList.swift; sourceTree = "<group>"; };
		086CBEA822B3D59200395188 /* twinlake.jpg */ = {isa = PBXFileReference; lastKnownFileType = image.jpeg; path = twinlake.jpg; sourceTree = "<group>"; };
		086CBEA922B3D59200395188 /* turtlerock.jpg */ = {isa = PBXFileReference; lastKnownFileType = image.jpeg; path = turtlerock.jpg; sourceTree = "<group>"; };
		086CBEAA22B3D59200395188 /* rainbowlake.jpg */ = {isa = PBXFileReference; lastKnownFileType = image.jpeg; path = rainbowlake.jpg; sourceTree = "<group>"; };
		086CBEAB22B3D59200395188 /* lakemcdonald.jpg */ = {isa = PBXFileReference; lastKnownFileType = image.jpeg; path = lakemcdonald.jpg; sourceTree = "<group>"; };
		086CBEAC22B3D59200395188 /* chincoteague.jpg */ = {isa = PBXFileReference; lastKnownFileType = image.jpeg; path = chincoteague.jpg; sourceTree = "<group>"; };
		086CBEAD22B3D59300395188 /* charleyrivers.jpg */ = {isa = PBXFileReference; lastKnownFileType = image.jpeg; path = charleyrivers.jpg; sourceTree = "<group>"; };
		086CBEAE22B3D59300395188 /* chilkoottrail.jpg */ = {isa = PBXFileReference; lastKnownFileType = image.jpeg; path = chilkoottrail.jpg; sourceTree = "<group>"; };
		086CBEAF22B3D59300395188 /* umbagog.jpg */ = {isa = PBXFileReference; lastKnownFileType = image.jpeg; path = umbagog.jpg; sourceTree = "<group>"; };
		086CBEB022B3D59300395188 /* silversalmoncreek.jpg */ = {isa = PBXFileReference; lastKnownFileType = image.jpeg; path = silversalmoncreek.jpg; sourceTree = "<group>"; };
		086CBEB122B3D59300395188 /* icybay.jpg */ = {isa = PBXFileReference; lastKnownFileType = image.jpeg; path = icybay.jpg; sourceTree = "<group>"; };
		086CBEB222B3D59300395188 /* hiddenlake.jpg */ = {isa = PBXFileReference; lastKnownFileType = image.jpeg; path = hiddenlake.jpg; sourceTree = "<group>"; };
		086CBEB322B3D59300395188 /* landmarkData.json */ = {isa = PBXFileReference; fileEncoding = 4; lastKnownFileType = text.json; path = landmarkData.json; sourceTree = "<group>"; };
		086CBEB422B3D59300395188 /* stmarylake.jpg */ = {isa = PBXFileReference; lastKnownFileType = image.jpeg; path = stmarylake.jpg; sourceTree = "<group>"; };
		086CBEC222B3F1DF00395188 /* Badge.swift */ = {isa = PBXFileReference; lastKnownFileType = sourcecode.swift; path = Badge.swift; sourceTree = "<group>"; };
		086CBEC422B3F30E00395188 /* HexagonParameters.swift */ = {isa = PBXFileReference; fileEncoding = 4; lastKnownFileType = sourcecode.swift; path = HexagonParameters.swift; sourceTree = "<group>"; };
		086CBEC622B4029A00395188 /* BadgeBackground.swift */ = {isa = PBXFileReference; lastKnownFileType = sourcecode.swift; path = BadgeBackground.swift; sourceTree = "<group>"; };
		086CBEC822B4088800395188 /* BadgeSymbol.swift */ = {isa = PBXFileReference; lastKnownFileType = sourcecode.swift; path = BadgeSymbol.swift; sourceTree = "<group>"; };
		086CBECA22B40D0D00395188 /* RotatedBadgeSymbol.swift */ = {isa = PBXFileReference; lastKnownFileType = sourcecode.swift; path = RotatedBadgeSymbol.swift; sourceTree = "<group>"; };
		08C1CB7122B0E2B5001B91DB /* LandMarks.app */ = {isa = PBXFileReference; explicitFileType = wrapper.application; includeInIndex = 0; path = LandMarks.app; sourceTree = BUILT_PRODUCTS_DIR; };
		08C1CB7422B0E2B5001B91DB /* AppDelegate.swift */ = {isa = PBXFileReference; lastKnownFileType = sourcecode.swift; path = AppDelegate.swift; sourceTree = "<group>"; };
		08C1CB7622B0E2B5001B91DB /* SceneDelegate.swift */ = {isa = PBXFileReference; lastKnownFileType = sourcecode.swift; path = SceneDelegate.swift; sourceTree = "<group>"; };
		08C1CB7822B0E2B5001B91DB /* LandmarkDetail.swift */ = {isa = PBXFileReference; lastKnownFileType = sourcecode.swift; path = LandmarkDetail.swift; sourceTree = "<group>"; };
		08C1CB7A22B0E2B7001B91DB /* Assets.xcassets */ = {isa = PBXFileReference; lastKnownFileType = folder.assetcatalog; path = Assets.xcassets; sourceTree = "<group>"; };
		08C1CB7D22B0E2B7001B91DB /* Preview Assets.xcassets */ = {isa = PBXFileReference; lastKnownFileType = folder.assetcatalog; path = "Preview Assets.xcassets"; sourceTree = "<group>"; };
		08C1CB8022B0E2B7001B91DB /* Base */ = {isa = PBXFileReference; lastKnownFileType = file.storyboard; name = Base; path = Base.lproj/LaunchScreen.storyboard; sourceTree = "<group>"; };
		08C1CB8222B0E2B7001B91DB /* Info.plist */ = {isa = PBXFileReference; lastKnownFileType = text.plist.xml; path = Info.plist; sourceTree = "<group>"; };
		08E1887122B3A59C0093926A /* UserData.swift */ = {isa = PBXFileReference; lastKnownFileType = sourcecode.swift; path = UserData.swift; sourceTree = "<group>"; };
/* End PBXFileReference section */

/* Begin PBXFrameworksBuildPhase section */
		08C1CB6E22B0E2B5001B91DB /* Frameworks */ = {
			isa = PBXFrameworksBuildPhase;
			buildActionMask = 2147483647;
			files = (
			);
			runOnlyForDeploymentPostprocessing = 0;
		};
/* End PBXFrameworksBuildPhase section */

/* Begin PBXGroup section */
		080E235B22B27A7500F5FE5F /* CustomView */ = {
			isa = PBXGroup;
			children = (
				080E236122B289D900F5FE5F /* ListView */,
				080E236022B289C400F5FE5F /* DetailView */,
			);
			path = CustomView;
			sourceTree = "<group>";
		};
		080E236022B289C400F5FE5F /* DetailView */ = {
			isa = PBXGroup;
			children = (
				080E235C22B27AB300F5FE5F /* CircleImage.swift */,
				080E235E22B284F200F5FE5F /* MapView.swift */,
			);
			path = DetailView;
			sourceTree = "<group>";
		};
		080E236122B289D900F5FE5F /* ListView */ = {
			isa = PBXGroup;
			children = (
				0852259722B3701B00DB86B7 /* LandmarkRow.swift */,
			);
			path = ListView;
			sourceTree = "<group>";
		};
		0852257522B3681600DB86B7 /* Models */ = {
			isa = PBXGroup;
			children = (
				08E1887022B3A5670093926A /* BindableObject */,
				0852259522B36A9A00DB86B7 /* Data.swift */,
				0852257622B3697800DB86B7 /* Landmark.swift */,
			);
			path = Models;
			sourceTree = "<group>";
		};
		0852257A22B36A3800DB86B7 /* Resources */ = {
			isa = PBXGroup;
			children = (
				086CBEAD22B3D59300395188 /* charleyrivers.jpg */,
				086CBEAE22B3D59300395188 /* chilkoottrail.jpg */,
				086CBEAC22B3D59200395188 /* chincoteague.jpg */,
				086CBEB222B3D59300395188 /* hiddenlake.jpg */,
				086CBEB122B3D59300395188 /* icybay.jpg */,
				086CBEAB22B3D59200395188 /* lakemcdonald.jpg */,
				086CBEB322B3D59300395188 /* landmarkData.json */,
				086CBEAA22B3D59200395188 /* rainbowlake.jpg */,
				086CBEB022B3D59300395188 /* silversalmoncreek.jpg */,
				086CBEB422B3D59300395188 /* stmarylake.jpg */,
				086CBEA922B3D59200395188 /* turtlerock.jpg */,
				086CBEA822B3D59200395188 /* twinlake.jpg */,
				086CBEAF22B3D59300395188 /* umbagog.jpg */,
			);
			path = Resources;
			sourceTree = "<group>";
		};
		08C1CB6822B0E2B5001B91DB = {
			isa = PBXGroup;
			children = (
				08C1CB7322B0E2B5001B91DB /* LandMarks */,
				08C1CB7222B0E2B5001B91DB /* Products */,
			);
			sourceTree = "<group>";
		};
		08C1CB7222B0E2B5001B91DB /* Products */ = {
			isa = PBXGroup;
			children = (
				08C1CB7122B0E2B5001B91DB /* LandMarks.app */,
			);
			name = Products;
			sourceTree = "<group>";
		};
		08C1CB7322B0E2B5001B91DB /* LandMarks */ = {
			isa = PBXGroup;
			children = (
				0852257A22B36A3800DB86B7 /* Resources */,
				0852257522B3681600DB86B7 /* Models */,
				080E235B22B27A7500F5FE5F /* CustomView */,
				08C1CB7422B0E2B5001B91DB /* AppDelegate.swift */,
				08C1CB7622B0E2B5001B91DB /* SceneDelegate.swift */,
				08C1CB7822B0E2B5001B91DB /* LandmarkDetail.swift */,
				0852259922B3756100DB86B7 /* LandmarkList.swift */,
				08C1CB7A22B0E2B7001B91DB /* Assets.xcassets */,
				08C1CB7F22B0E2B7001B91DB /* LaunchScreen.storyboard */,
				08C1CB8222B0E2B7001B91DB /* Info.plist */,
				08C1CB7C22B0E2B7001B91DB /* Preview Content */,
				086CBEC222B3F1DF00395188 /* Badge.swift */,
				086CBEC422B3F30E00395188 /* HexagonParameters.swift */,
				086CBEC622B4029A00395188 /* BadgeBackground.swift */,
				086CBEC822B4088800395188 /* BadgeSymbol.swift */,
				086CBECA22B40D0D00395188 /* RotatedBadgeSymbol.swift */,
			);
			path = LandMarks;
			sourceTree = "<group>";
		};
		08C1CB7C22B0E2B7001B91DB /* Preview Content */ = {
			isa = PBXGroup;
			children = (
				08C1CB7D22B0E2B7001B91DB /* Preview Assets.xcassets */,
			);
			path = "Preview Content";
			sourceTree = "<group>";
		};
		08E1887022B3A5670093926A /* BindableObject */ = {
			isa = PBXGroup;
			children = (
				08E1887122B3A59C0093926A /* UserData.swift */,
			);
			path = BindableObject;
			sourceTree = "<group>";
		};
/* End PBXGroup section */

/* Begin PBXNativeTarget section */
		08C1CB7022B0E2B5001B91DB /* LandMarks */ = {
			isa = PBXNativeTarget;
			buildConfigurationList = 08C1CB8522B0E2B7001B91DB /* Build configuration list for PBXNativeTarget "LandMarks" */;
			buildPhases = (
				08C1CB6D22B0E2B5001B91DB /* Sources */,
				08C1CB6E22B0E2B5001B91DB /* Frameworks */,
				08C1CB6F22B0E2B5001B91DB /* Resources */,
			);
			buildRules = (
			);
			dependencies = (
			);
			name = LandMarks;
			productName = LandMarks;
			productReference = 08C1CB7122B0E2B5001B91DB /* LandMarks.app */;
			productType = "com.apple.product-type.application";
		};
/* End PBXNativeTarget section */

/* Begin PBXProject section */
		08C1CB6922B0E2B5001B91DB /* Project object */ = {
			isa = PBXProject;
			attributes = {
				LastSwiftUpdateCheck = 1100;
				LastUpgradeCheck = 1100;
				ORGANIZATIONNAME = Kritbovorn;
				TargetAttributes = {
					08C1CB7022B0E2B5001B91DB = {
						CreatedOnToolsVersion = 11.0;
					};
				};
			};
			buildConfigurationList = 08C1CB6C22B0E2B5001B91DB /* Build configuration list for PBXProject "LandMarks" */;
			compatibilityVersion = "Xcode 9.3";
			developmentRegion = en;
			hasScannedForEncodings = 0;
			knownRegions = (
				en,
				Base,
			);
			mainGroup = 08C1CB6822B0E2B5001B91DB;
			productRefGroup = 08C1CB7222B0E2B5001B91DB /* Products */;
			projectDirPath = "";
			projectRoot = "";
			targets = (
				08C1CB7022B0E2B5001B91DB /* LandMarks */,
			);
		};
/* End PBXProject section */

/* Begin PBXResourcesBuildPhase section */
		08C1CB6F22B0E2B5001B91DB /* Resources */ = {
			isa = PBXResourcesBuildPhase;
			buildActionMask = 2147483647;
			files = (
				086CBEB822B3D59300395188 /* lakemcdonald.jpg in Resources */,
				08C1CB8122B0E2B7001B91DB /* LaunchScreen.storyboard in Resources */,
				086CBEBE22B3D59300395188 /* icybay.jpg in Resources */,
				086CBEB722B3D59300395188 /* rainbowlake.jpg in Resources */,
				086CBEBB22B3D59300395188 /* chilkoottrail.jpg in Resources */,
				086CBEBA22B3D59300395188 /* charleyrivers.jpg in Resources */,
				086CBEBF22B3D59300395188 /* hiddenlake.jpg in Resources */,
				08C1CB7E22B0E2B7001B91DB /* Preview Assets.xcassets in Resources */,
				086CBEC022B3D59300395188 /* landmarkData.json in Resources */,
				086CBEB522B3D59300395188 /* twinlake.jpg in Resources */,
				086CBEC122B3D59300395188 /* stmarylake.jpg in Resources */,
				08C1CB7B22B0E2B7001B91DB /* Assets.xcassets in Resources */,
				086CBEB922B3D59300395188 /* chincoteague.jpg in Resources */,
				086CBEBD22B3D59300395188 /* silversalmoncreek.jpg in Resources */,
				086CBEBC22B3D59300395188 /* umbagog.jpg in Resources */,
				086CBEB622B3D59300395188 /* turtlerock.jpg in Resources */,
			);
			runOnlyForDeploymentPostprocessing = 0;
		};
/* End PBXResourcesBuildPhase section */

/* Begin PBXSourcesBuildPhase section */
		08C1CB6D22B0E2B5001B91DB /* Sources */ = {
			isa = PBXSourcesBuildPhase;
			buildActionMask = 2147483647;
			files = (
				086CBEC522B3F30E00395188 /* HexagonParameters.swift in Sources */,
				0852259622B36A9A00DB86B7 /* Data.swift in Sources */,
				08C1CB7522B0E2B5001B91DB /* AppDelegate.swift in Sources */,
				086CBEC322B3F1DF00395188 /* Badge.swift in Sources */,
				080E235D22B27AB300F5FE5F /* CircleImage.swift in Sources */,
				080E235F22B284F200F5FE5F /* MapView.swift in Sources */,
				0852259A22B3756100DB86B7 /* LandmarkList.swift in Sources */,
				086CBEC922B4088800395188 /* BadgeSymbol.swift in Sources */,
				086CBECB22B40D0D00395188 /* RotatedBadgeSymbol.swift in Sources */,
				08C1CB7722B0E2B5001B91DB /* SceneDelegate.swift in Sources */,
				086CBEC722B4029A00395188 /* BadgeBackground.swift in Sources */,
				08C1CB7922B0E2B5001B91DB /* LandmarkDetail.swift in Sources */,
				0852259822B3701B00DB86B7 /* LandmarkRow.swift in Sources */,
				08E1887222B3A59C0093926A /* UserData.swift in Sources */,
				0852257722B3697800DB86B7 /* Landmark.swift in Sources */,
			);
			runOnlyForDeploymentPostprocessing = 0;
		};
/* End PBXSourcesBuildPhase section */

/* Begin PBXVariantGroup section */
		08C1CB7F22B0E2B7001B91DB /* LaunchScreen.storyboard */ = {
			isa = PBXVariantGroup;
			children = (
				08C1CB8022B0E2B7001B91DB /* Base */,
			);
			name = LaunchScreen.storyboard;
			sourceTree = "<group>";
		};
/* End PBXVariantGroup section */

/* Begin XCBuildConfiguration section */
		08C1CB8322B0E2B7001B91DB /* Debug */ = {
			isa = XCBuildConfiguration;
			buildSettings = {
				ALWAYS_SEARCH_USER_PATHS = NO;
				CLANG_ANALYZER_NONNULL = YES;
				CLANG_ANALYZER_NUMBER_OBJECT_CONVERSION = YES_AGGRESSIVE;
				CLANG_CXX_LANGUAGE_STANDARD = "gnu++14";
				CLANG_CXX_LIBRARY = "libc++";
				CLANG_ENABLE_MODULES = YES;
				CLANG_ENABLE_OBJC_ARC = YES;
				CLANG_ENABLE_OBJC_WEAK = YES;
				CLANG_WARN_BLOCK_CAPTURE_AUTORELEASING = YES;
				CLANG_WARN_BOOL_CONVERSION = YES;
				CLANG_WARN_COMMA = YES;
				CLANG_WARN_CONSTANT_CONVERSION = YES;
				CLANG_WARN_DEPRECATED_OBJC_IMPLEMENTATIONS = YES;
				CLANG_WARN_DIRECT_OBJC_ISA_USAGE = YES_ERROR;
				CLANG_WARN_DOCUMENTATION_COMMENTS = YES;
				CLANG_WARN_EMPTY_BODY = YES;
				CLANG_WARN_ENUM_CONVERSION = YES;
				CLANG_WARN_INFINITE_RECURSION = YES;
				CLANG_WARN_INT_CONVERSION = YES;
				CLANG_WARN_NON_LITERAL_NULL_CONVERSION = YES;
				CLANG_WARN_OBJC_IMPLICIT_RETAIN_SELF = YES;
				CLANG_WARN_OBJC_LITERAL_CONVERSION = YES;
				CLANG_WARN_OBJC_ROOT_CLASS = YES_ERROR;
				CLANG_WARN_RANGE_LOOP_ANALYSIS = YES;
				CLANG_WARN_STRICT_PROTOTYPES = YES;
				CLANG_WARN_SUSPICIOUS_MOVE = YES;
				CLANG_WARN_UNGUARDED_AVAILABILITY = YES_AGGRESSIVE;
				CLANG_WARN_UNREACHABLE_CODE = YES;
				CLANG_WARN__DUPLICATE_METHOD_MATCH = YES;
				COPY_PHASE_STRIP = NO;
				DEBUG_INFORMATION_FORMAT = dwarf;
				ENABLE_STRICT_OBJC_MSGSEND = YES;
				ENABLE_TESTABILITY = YES;
				GCC_C_LANGUAGE_STANDARD = gnu11;
				GCC_DYNAMIC_NO_PIC = NO;
				GCC_NO_COMMON_BLOCKS = YES;
				GCC_OPTIMIZATION_LEVEL = 0;
				GCC_PREPROCESSOR_DEFINITIONS = (
					"DEBUG=1",
					"$(inherited)",
				);
				GCC_WARN_64_TO_32_BIT_CONVERSION = YES;
				GCC_WARN_ABOUT_RETURN_TYPE = YES_ERROR;
				GCC_WARN_UNDECLARED_SELECTOR = YES;
				GCC_WARN_UNINITIALIZED_AUTOS = YES_AGGRESSIVE;
				GCC_WARN_UNUSED_FUNCTION = YES;
				GCC_WARN_UNUSED_VARIABLE = YES;
				IPHONEOS_DEPLOYMENT_TARGET = 13.0;
				MTL_ENABLE_DEBUG_INFO = INCLUDE_SOURCE;
				MTL_FAST_MATH = YES;
				ONLY_ACTIVE_ARCH = YES;
				SDKROOT = iphoneos;
				SWIFT_ACTIVE_COMPILATION_CONDITIONS = DEBUG;
				SWIFT_OPTIMIZATION_LEVEL = "-Onone";
			};
			name = Debug;
		};
		08C1CB8422B0E2B7001B91DB /* Release */ = {
			isa = XCBuildConfiguration;
			buildSettings = {
				ALWAYS_SEARCH_USER_PATHS = NO;
				CLANG_ANALYZER_NONNULL = YES;
				CLANG_ANALYZER_NUMBER_OBJECT_CONVERSION = YES_AGGRESSIVE;
				CLANG_CXX_LANGUAGE_STANDARD = "gnu++14";
				CLANG_CXX_LIBRARY = "libc++";
				CLANG_ENABLE_MODULES = YES;
				CLANG_ENABLE_OBJC_ARC = YES;
				CLANG_ENABLE_OBJC_WEAK = YES;
				CLANG_WARN_BLOCK_CAPTURE_AUTORELEASING = YES;
				CLANG_WARN_BOOL_CONVERSION = YES;
				CLANG_WARN_COMMA = YES;
				CLANG_WARN_CONSTANT_CONVERSION = YES;
				CLANG_WARN_DEPRECATED_OBJC_IMPLEMENTATIONS = YES;
				CLANG_WARN_DIRECT_OBJC_ISA_USAGE = YES_ERROR;
				CLANG_WARN_DOCUMENTATION_COMMENTS = YES;
				CLANG_WARN_EMPTY_BODY = YES;
				CLANG_WARN_ENUM_CONVERSION = YES;
				CLANG_WARN_INFINITE_RECURSION = YES;
				CLANG_WARN_INT_CONVERSION = YES;
				CLANG_WARN_NON_LITERAL_NULL_CONVERSION = YES;
				CLANG_WARN_OBJC_IMPLICIT_RETAIN_SELF = YES;
				CLANG_WARN_OBJC_LITERAL_CONVERSION = YES;
				CLANG_WARN_OBJC_ROOT_CLASS = YES_ERROR;
				CLANG_WARN_RANGE_LOOP_ANALYSIS = YES;
				CLANG_WARN_STRICT_PROTOTYPES = YES;
				CLANG_WARN_SUSPICIOUS_MOVE = YES;
				CLANG_WARN_UNGUARDED_AVAILABILITY = YES_AGGRESSIVE;
				CLANG_WARN_UNREACHABLE_CODE = YES;
				CLANG_WARN__DUPLICATE_METHOD_MATCH = YES;
				COPY_PHASE_STRIP = NO;
				DEBUG_INFORMATION_FORMAT = "dwarf-with-dsym";
				ENABLE_NS_ASSERTIONS = NO;
				ENABLE_STRICT_OBJC_MSGSEND = YES;
				GCC_C_LANGUAGE_STANDARD = gnu11;
				GCC_NO_COMMON_BLOCKS = YES;
				GCC_WARN_64_TO_32_BIT_CONVERSION = YES;
				GCC_WARN_ABOUT_RETURN_TYPE = YES_ERROR;
				GCC_WARN_UNDECLARED_SELECTOR = YES;
				GCC_WARN_UNINITIALIZED_AUTOS = YES_AGGRESSIVE;
				GCC_WARN_UNUSED_FUNCTION = YES;
				GCC_WARN_UNUSED_VARIABLE = YES;
				IPHONEOS_DEPLOYMENT_TARGET = 13.0;
				MTL_ENABLE_DEBUG_INFO = NO;
				MTL_FAST_MATH = YES;
				SDKROOT = iphoneos;
				SWIFT_COMPILATION_MODE = wholemodule;
				SWIFT_OPTIMIZATION_LEVEL = "-O";
				VALIDATE_PRODUCT = YES;
			};
			name = Release;
		};
		08C1CB8622B0E2B7001B91DB /* Debug */ = {
			isa = XCBuildConfiguration;
			buildSettings = {
				ASSETCATALOG_COMPILER_APPICON_NAME = AppIcon;
				CODE_SIGN_STYLE = Automatic;
				DEVELOPMENT_ASSET_PATHS = "LandMarks/Preview\\ Content";
				DEVELOPMENT_TEAM = 6UTUM98386;
				ENABLE_PREVIEWS = YES;
				INFOPLIST_FILE = LandMarks/Info.plist;
				LD_RUNPATH_SEARCH_PATHS = (
					"$(inherited)",
					"@executable_path/Frameworks",
				);
				PRODUCT_BUNDLE_IDENTIFIER = co.th.tyre.LandMarks;
				PRODUCT_NAME = "$(TARGET_NAME)";
				SWIFT_VERSION = 5.0;
				TARGETED_DEVICE_FAMILY = "1,2";
			};
			name = Debug;
		};
		08C1CB8722B0E2B7001B91DB /* Release */ = {
			isa = XCBuildConfiguration;
			buildSettings = {
				ASSETCATALOG_COMPILER_APPICON_NAME = AppIcon;
				CODE_SIGN_STYLE = Automatic;
				DEVELOPMENT_ASSET_PATHS = "LandMarks/Preview\\ Content";
				DEVELOPMENT_TEAM = 6UTUM98386;
				ENABLE_PREVIEWS = YES;
				INFOPLIST_FILE = LandMarks/Info.plist;
				LD_RUNPATH_SEARCH_PATHS = (
					"$(inherited)",
					"@executable_path/Frameworks",
				);
				PRODUCT_BUNDLE_IDENTIFIER = co.th.tyre.LandMarks;
				PRODUCT_NAME = "$(TARGET_NAME)";
				SWIFT_VERSION = 5.0;
				TARGETED_DEVICE_FAMILY = "1,2";
			};
			name = Release;
		};
/* End XCBuildConfiguration section */

/* Begin XCConfigurationList section */
		08C1CB6C22B0E2B5001B91DB /* Build configuration list for PBXProject "LandMarks" */ = {
			isa = XCConfigurationList;
			buildConfigurations = (
				08C1CB8322B0E2B7001B91DB /* Debug */,
				08C1CB8422B0E2B7001B91DB /* Release */,
			);
			defaultConfigurationIsVisible = 0;
			defaultConfigurationName = Release;
		};
		08C1CB8522B0E2B7001B91DB /* Build configuration list for PBXNativeTarget "LandMarks" */ = {
			isa = XCConfigurationList;
			buildConfigurations = (
				08C1CB8622B0E2B7001B91DB /* Debug */,
				08C1CB8722B0E2B7001B91DB /* Release */,
			);
			defaultConfigurationIsVisible = 0;
			defaultConfigurationName = Release;
		};
/* End XCConfigurationList section */
	};
	rootObject = 08C1CB6922B0E2B5001B91DB /* Project object */;
}
